// !$*UTF8*$!
{
	archiveVersion = 1;
	classes = {
	};
	objectVersion = 56;
	objects = {

/* Begin PBXBuildFile section */
		FE4C68C52A8C6FD7007A09A6 /* CustomCharts.swift in Sources */ = {isa = PBXBuildFile; fileRef = FE4C68C42A8C6FD7007A09A6 /* CustomCharts.swift */; };
		FEE53A2D2A837355005F122D /* AppDelegate.swift in Sources */ = {isa = PBXBuildFile; fileRef = FEE53A2C2A837355005F122D /* AppDelegate.swift */; };
		FEE53A2F2A837355005F122D /* SceneDelegate.swift in Sources */ = {isa = PBXBuildFile; fileRef = FEE53A2E2A837355005F122D /* SceneDelegate.swift */; };
		FEE53A312A837355005F122D /* ViewController.swift in Sources */ = {isa = PBXBuildFile; fileRef = FEE53A302A837355005F122D /* ViewController.swift */; };
		FEE53A342A837355005F122D /* Main.storyboard in Resources */ = {isa = PBXBuildFile; fileRef = FEE53A322A837355005F122D /* Main.storyboard */; };
		FEE53A362A837356005F122D /* Assets.xcassets in Resources */ = {isa = PBXBuildFile; fileRef = FEE53A352A837356005F122D /* Assets.xcassets */; };
		FEE53A392A837356005F122D /* LaunchScreen.storyboard in Resources */ = {isa = PBXBuildFile; fileRef = FEE53A372A837356005F122D /* LaunchScreen.storyboard */; };
		FEE53A422A8375B5005F122D /* Charts in Frameworks */ = {isa = PBXBuildFile; productRef = FEE53A412A8375B5005F122D /* Charts */; };
		FEF25D702A97177400C0A130 /* InfoMarkerView.swift in Sources */ = {isa = PBXBuildFile; fileRef = FEF25D6F2A97177400C0A130 /* InfoMarkerView.swift */; };
		FEF25D722A97178200C0A130 /* InfoMarkerView.xib in Resources */ = {isa = PBXBuildFile; fileRef = FEF25D712A97178200C0A130 /* InfoMarkerView.xib */; };
		FEF25D742A9718B000C0A130 /* OthersCommonOMO.swift in Sources */ = {isa = PBXBuildFile; fileRef = FEF25D732A9718B000C0A130 /* OthersCommonOMO.swift */; };
		FEF25D772A973F8000C0A130 /* ChartMiniTableViewCell.swift in Sources */ = {isa = PBXBuildFile; fileRef = FEF25D752A973F8000C0A130 /* ChartMiniTableViewCell.swift */; };
		FEF25D782A973F8000C0A130 /* ChartMiniTableViewCell.xib in Resources */ = {isa = PBXBuildFile; fileRef = FEF25D762A973F8000C0A130 /* ChartMiniTableViewCell.xib */; };
/* End PBXBuildFile section */

/* Begin PBXFileReference section */
		FE4C68C42A8C6FD7007A09A6 /* CustomCharts.swift */ = {isa = PBXFileReference; lastKnownFileType = sourcecode.swift; path = CustomCharts.swift; sourceTree = "<group>"; };
		FEE53A292A837355005F122D /* playground-charts.app */ = {isa = PBXFileReference; explicitFileType = wrapper.application; includeInIndex = 0; path = "playground-charts.app"; sourceTree = BUILT_PRODUCTS_DIR; };
		FEE53A2C2A837355005F122D /* AppDelegate.swift */ = {isa = PBXFileReference; lastKnownFileType = sourcecode.swift; path = AppDelegate.swift; sourceTree = "<group>"; };
		FEE53A2E2A837355005F122D /* SceneDelegate.swift */ = {isa = PBXFileReference; lastKnownFileType = sourcecode.swift; path = SceneDelegate.swift; sourceTree = "<group>"; };
		FEE53A302A837355005F122D /* ViewController.swift */ = {isa = PBXFileReference; lastKnownFileType = sourcecode.swift; path = ViewController.swift; sourceTree = "<group>"; };
		FEE53A332A837355005F122D /* Base */ = {isa = PBXFileReference; lastKnownFileType = file.storyboard; name = Base; path = Base.lproj/Main.storyboard; sourceTree = "<group>"; };
		FEE53A352A837356005F122D /* Assets.xcassets */ = {isa = PBXFileReference; lastKnownFileType = folder.assetcatalog; path = Assets.xcassets; sourceTree = "<group>"; };
		FEE53A382A837356005F122D /* Base */ = {isa = PBXFileReference; lastKnownFileType = file.storyboard; name = Base; path = Base.lproj/LaunchScreen.storyboard; sourceTree = "<group>"; };
		FEE53A3A2A837356005F122D /* Info.plist */ = {isa = PBXFileReference; lastKnownFileType = text.plist.xml; path = Info.plist; sourceTree = "<group>"; };
		FEF25D6F2A97177400C0A130 /* InfoMarkerView.swift */ = {isa = PBXFileReference; lastKnownFileType = sourcecode.swift; path = InfoMarkerView.swift; sourceTree = "<group>"; };
		FEF25D712A97178200C0A130 /* InfoMarkerView.xib */ = {isa = PBXFileReference; lastKnownFileType = file.xib; path = InfoMarkerView.xib; sourceTree = "<group>"; };
		FEF25D732A9718B000C0A130 /* OthersCommonOMO.swift */ = {isa = PBXFileReference; lastKnownFileType = sourcecode.swift; path = OthersCommonOMO.swift; sourceTree = "<group>"; };
		FEF25D752A973F8000C0A130 /* ChartMiniTableViewCell.swift */ = {isa = PBXFileReference; lastKnownFileType = sourcecode.swift; path = ChartMiniTableViewCell.swift; sourceTree = "<group>"; };
		FEF25D762A973F8000C0A130 /* ChartMiniTableViewCell.xib */ = {isa = PBXFileReference; lastKnownFileType = file.xib; path = ChartMiniTableViewCell.xib; sourceTree = "<group>"; };
/* End PBXFileReference section */

/* Begin PBXFrameworksBuildPhase section */
		FEE53A262A837355005F122D /* Frameworks */ = {
			isa = PBXFrameworksBuildPhase;
			buildActionMask = 2147483647;
			files = (
				FEE53A422A8375B5005F122D /* Charts in Frameworks */,
			);
			runOnlyForDeploymentPostprocessing = 0;
		};
/* End PBXFrameworksBuildPhase section */

/* Begin PBXGroup section */
		FEE53A202A837355005F122D = {
			isa = PBXGroup;
			children = (
				FEE53A2B2A837355005F122D /* playground-charts */,
				FEE53A2A2A837355005F122D /* Products */,
			);
			sourceTree = "<group>";
		};
		FEE53A2A2A837355005F122D /* Products */ = {
			isa = PBXGroup;
			children = (
				FEE53A292A837355005F122D /* playground-charts.app */,
			);
			name = Products;
			sourceTree = "<group>";
		};
		FEE53A2B2A837355005F122D /* playground-charts */ = {
			isa = PBXGroup;
			children = (
				FEE53A2C2A837355005F122D /* AppDelegate.swift */,
				FEE53A2E2A837355005F122D /* SceneDelegate.swift */,
				FEE53A302A837355005F122D /* ViewController.swift */,
				FEE53A322A837355005F122D /* Main.storyboard */,
				FEE53A352A837356005F122D /* Assets.xcassets */,
				FEE53A372A837356005F122D /* LaunchScreen.storyboard */,
				FEE53A3A2A837356005F122D /* Info.plist */,
				FE4C68C42A8C6FD7007A09A6 /* CustomCharts.swift */,
				FEF25D6F2A97177400C0A130 /* InfoMarkerView.swift */,
				FEF25D712A97178200C0A130 /* InfoMarkerView.xib */,
				FEF25D732A9718B000C0A130 /* OthersCommonOMO.swift */,
				FEF25D752A973F8000C0A130 /* ChartMiniTableViewCell.swift */,
				FEF25D762A973F8000C0A130 /* ChartMiniTableViewCell.xib */,
			);
			path = "playground-charts";
			sourceTree = "<group>";
		};
/* End PBXGroup section */

/* Begin PBXNativeTarget section */
		FEE53A282A837355005F122D /* playground-charts */ = {
			isa = PBXNativeTarget;
			buildConfigurationList = FEE53A3D2A837356005F122D /* Build configuration list for PBXNativeTarget "playground-charts" */;
			buildPhases = (
				FEE53A252A837355005F122D /* Sources */,
				FEE53A262A837355005F122D /* Frameworks */,
				FEE53A272A837355005F122D /* Resources */,
			);
			buildRules = (
			);
			dependencies = (
			);
			name = "playground-charts";
			packageProductDependencies = (
				FEE53A412A8375B5005F122D /* Charts */,
			);
			productName = "playground-charts";
			productReference = FEE53A292A837355005F122D /* playground-charts.app */;
			productType = "com.apple.product-type.application";
		};
/* End PBXNativeTarget section */

/* Begin PBXProject section */
		FEE53A212A837355005F122D /* Project object */ = {
			isa = PBXProject;
			attributes = {
				BuildIndependentTargetsInParallel = 1;
				LastSwiftUpdateCheck = 1430;
				LastUpgradeCheck = 1430;
				TargetAttributes = {
					FEE53A282A837355005F122D = {
						CreatedOnToolsVersion = 14.3.1;
					};
				};
			};
			buildConfigurationList = FEE53A242A837355005F122D /* Build configuration list for PBXProject "playground-charts" */;
			compatibilityVersion = "Xcode 14.0";
			developmentRegion = en;
			hasScannedForEncodings = 0;
			knownRegions = (
				en,
				Base,
			);
			mainGroup = FEE53A202A837355005F122D;
			packageReferences = (
				FEE53A402A8375B5005F122D /* XCRemoteSwiftPackageReference "Charts" */,
			);
			productRefGroup = FEE53A2A2A837355005F122D /* Products */;
			projectDirPath = "";
			projectRoot = "";
			targets = (
				FEE53A282A837355005F122D /* playground-charts */,
			);
		};
/* End PBXProject section */

/* Begin PBXResourcesBuildPhase section */
		FEE53A272A837355005F122D /* Resources */ = {
			isa = PBXResourcesBuildPhase;
			buildActionMask = 2147483647;
			files = (
				FEE53A392A837356005F122D /* LaunchScreen.storyboard in Resources */,
				FEF25D722A97178200C0A130 /* InfoMarkerView.xib in Resources */,
				FEE53A362A837356005F122D /* Assets.xcassets in Resources */,
				FEF25D782A973F8000C0A130 /* ChartMiniTableViewCell.xib in Resources */,
				FEE53A342A837355005F122D /* Main.storyboard in Resources */,
			);
			runOnlyForDeploymentPostprocessing = 0;
		};
/* End PBXResourcesBuildPhase section */

/* Begin PBXSourcesBuildPhase section */
		FEE53A252A837355005F122D /* Sources */ = {
			isa = PBXSourcesBuildPhase;
			buildActionMask = 2147483647;
			files = (
				FEE53A312A837355005F122D /* ViewController.swift in Sources */,
				FE4C68C52A8C6FD7007A09A6 /* CustomCharts.swift in Sources */,
				FEE53A2D2A837355005F122D /* AppDelegate.swift in Sources */,
				FEF25D772A973F8000C0A130 /* ChartMiniTableViewCell.swift in Sources */,
				FEF25D742A9718B000C0A130 /* OthersCommonOMO.swift in Sources */,
				FEF25D702A97177400C0A130 /* InfoMarkerView.swift in Sources */,
				FEE53A2F2A837355005F122D /* SceneDelegate.swift in Sources */,
			);
			runOnlyForDeploymentPostprocessing = 0;
		};
/* End PBXSourcesBuildPhase section */

/* Begin PBXVariantGroup section */
		FEE53A322A837355005F122D /* Main.storyboard */ = {
			isa = PBXVariantGroup;
			children = (
				FEE53A332A837355005F122D /* Base */,
			);
			name = Main.storyboard;
			sourceTree = "<group>";
		};
		FEE53A372A837356005F122D /* LaunchScreen.storyboard */ = {
			isa = PBXVariantGroup;
			children = (
				FEE53A382A837356005F122D /* Base */,
			);
			name = LaunchScreen.storyboard;
			sourceTree = "<group>";
		};
/* End PBXVariantGroup section */

/* Begin XCBuildConfiguration section */
		FEE53A3B2A837356005F122D /* Debug */ = {
			isa = XCBuildConfiguration;
			buildSettings = {
				ALWAYS_SEARCH_USER_PATHS = NO;
				CLANG_ANALYZER_NONNULL = YES;
				CLANG_ANALYZER_NUMBER_OBJECT_CONVERSION = YES_AGGRESSIVE;
				CLANG_CXX_LANGUAGE_STANDARD = "gnu++20";
				CLANG_ENABLE_MODULES = YES;
				CLANG_ENABLE_OBJC_ARC = YES;
				CLANG_ENABLE_OBJC_WEAK = YES;
				CLANG_WARN_BLOCK_CAPTURE_AUTORELEASING = YES;
				CLANG_WARN_BOOL_CONVERSION = YES;
				CLANG_WARN_COMMA = YES;
				CLANG_WARN_CONSTANT_CONVERSION = YES;
				CLANG_WARN_DEPRECATED_OBJC_IMPLEMENTATIONS = YES;
				CLANG_WARN_DIRECT_OBJC_ISA_USAGE = YES_ERROR;
				CLANG_WARN_DOCUMENTATION_COMMENTS = YES;
				CLANG_WARN_EMPTY_BODY = YES;
				CLANG_WARN_ENUM_CONVERSION = YES;
				CLANG_WARN_INFINITE_RECURSION = YES;
				CLANG_WARN_INT_CONVERSION = YES;
				CLANG_WARN_NON_LITERAL_NULL_CONVERSION = YES;
				CLANG_WARN_OBJC_IMPLICIT_RETAIN_SELF = YES;
				CLANG_WARN_OBJC_LITERAL_CONVERSION = YES;
				CLANG_WARN_OBJC_ROOT_CLASS = YES_ERROR;
				CLANG_WARN_QUOTED_INCLUDE_IN_FRAMEWORK_HEADER = YES;
				CLANG_WARN_RANGE_LOOP_ANALYSIS = YES;
				CLANG_WARN_STRICT_PROTOTYPES = YES;
				CLANG_WARN_SUSPICIOUS_MOVE = YES;
				CLANG_WARN_UNGUARDED_AVAILABILITY = YES_AGGRESSIVE;
				CLANG_WARN_UNREACHABLE_CODE = YES;
				CLANG_WARN__DUPLICATE_METHOD_MATCH = YES;
				COPY_PHASE_STRIP = NO;
				DEBUG_INFORMATION_FORMAT = dwarf;
				ENABLE_STRICT_OBJC_MSGSEND = YES;
				ENABLE_TESTABILITY = YES;
				GCC_C_LANGUAGE_STANDARD = gnu11;
				GCC_DYNAMIC_NO_PIC = NO;
				GCC_NO_COMMON_BLOCKS = YES;
				GCC_OPTIMIZATION_LEVEL = 0;
				GCC_PREPROCESSOR_DEFINITIONS = (
					"DEBUG=1",
					"$(inherited)",
				);
				GCC_WARN_64_TO_32_BIT_CONVERSION = YES;
				GCC_WARN_ABOUT_RETURN_TYPE = YES_ERROR;
				GCC_WARN_UNDECLARED_SELECTOR = YES;
				GCC_WARN_UNINITIALIZED_AUTOS = YES_AGGRESSIVE;
				GCC_WARN_UNUSED_FUNCTION = YES;
				GCC_WARN_UNUSED_VARIABLE = YES;
				IPHONEOS_DEPLOYMENT_TARGET = 16.4;
				MTL_ENABLE_DEBUG_INFO = INCLUDE_SOURCE;
				MTL_FAST_MATH = YES;
				ONLY_ACTIVE_ARCH = YES;
				SDKROOT = iphoneos;
				SWIFT_ACTIVE_COMPILATION_CONDITIONS = DEBUG;
				SWIFT_OPTIMIZATION_LEVEL = "-Onone";
			};
			name = Debug;
		};
		FEE53A3C2A837356005F122D /* Release */ = {
			isa = XCBuildConfiguration;
			buildSettings = {
				ALWAYS_SEARCH_USER_PATHS = NO;
				CLANG_ANALYZER_NONNULL = YES;
				CLANG_ANALYZER_NUMBER_OBJECT_CONVERSION = YES_AGGRESSIVE;
				CLANG_CXX_LANGUAGE_STANDARD = "gnu++20";
				CLANG_ENABLE_MODULES = YES;
				CLANG_ENABLE_OBJC_ARC = YES;
				CLANG_ENABLE_OBJC_WEAK = YES;
				CLANG_WARN_BLOCK_CAPTURE_AUTORELEASING = YES;
				CLANG_WARN_BOOL_CONVERSION = YES;
				CLANG_WARN_COMMA = YES;
				CLANG_WARN_CONSTANT_CONVERSION = YES;
				CLANG_WARN_DEPRECATED_OBJC_IMPLEMENTATIONS = YES;
				CLANG_WARN_DIRECT_OBJC_ISA_USAGE = YES_ERROR;
				CLANG_WARN_DOCUMENTATION_COMMENTS = YES;
				CLANG_WARN_EMPTY_BODY = YES;
				CLANG_WARN_ENUM_CONVERSION = YES;
				CLANG_WARN_INFINITE_RECURSION = YES;
				CLANG_WARN_INT_CONVERSION = YES;
				CLANG_WARN_NON_LITERAL_NULL_CONVERSION = YES;
				CLANG_WARN_OBJC_IMPLICIT_RETAIN_SELF = YES;
				CLANG_WARN_OBJC_LITERAL_CONVERSION = YES;
				CLANG_WARN_OBJC_ROOT_CLASS = YES_ERROR;
				CLANG_WARN_QUOTED_INCLUDE_IN_FRAMEWORK_HEADER = YES;
				CLANG_WARN_RANGE_LOOP_ANALYSIS = YES;
				CLANG_WARN_STRICT_PROTOTYPES = YES;
				CLANG_WARN_SUSPICIOUS_MOVE = YES;
				CLANG_WARN_UNGUARDED_AVAILABILITY = YES_AGGRESSIVE;
				CLANG_WARN_UNREACHABLE_CODE = YES;
				CLANG_WARN__DUPLICATE_METHOD_MATCH = YES;
				COPY_PHASE_STRIP = NO;
				DEBUG_INFORMATION_FORMAT = "dwarf-with-dsym";
				ENABLE_NS_ASSERTIONS = NO;
				ENABLE_STRICT_OBJC_MSGSEND = YES;
				GCC_C_LANGUAGE_STANDARD = gnu11;
				GCC_NO_COMMON_BLOCKS = YES;
				GCC_WARN_64_TO_32_BIT_CONVERSION = YES;
				GCC_WARN_ABOUT_RETURN_TYPE = YES_ERROR;
				GCC_WARN_UNDECLARED_SELECTOR = YES;
				GCC_WARN_UNINITIALIZED_AUTOS = YES_AGGRESSIVE;
				GCC_WARN_UNUSED_FUNCTION = YES;
				GCC_WARN_UNUSED_VARIABLE = YES;
				IPHONEOS_DEPLOYMENT_TARGET = 16.4;
				MTL_ENABLE_DEBUG_INFO = NO;
				MTL_FAST_MATH = YES;
				SDKROOT = iphoneos;
				SWIFT_COMPILATION_MODE = wholemodule;
				SWIFT_OPTIMIZATION_LEVEL = "-O";
				VALIDATE_PRODUCT = YES;
			};
			name = Release;
		};
		FEE53A3E2A837356005F122D /* Debug */ = {
			isa = XCBuildConfiguration;
			buildSettings = {
				ASSETCATALOG_COMPILER_APPICON_NAME = AppIcon;
				ASSETCATALOG_COMPILER_GLOBAL_ACCENT_COLOR_NAME = AccentColor;
				CODE_SIGN_STYLE = Automatic;
				CURRENT_PROJECT_VERSION = 1;
				DEVELOPMENT_TEAM = UG8FZ2U9WD;
				GENERATE_INFOPLIST_FILE = YES;
				INFOPLIST_FILE = "playground-charts/Info.plist";
				INFOPLIST_KEY_UIApplicationSupportsIndirectInputEvents = YES;
				INFOPLIST_KEY_UILaunchStoryboardName = LaunchScreen;
				INFOPLIST_KEY_UIMainStoryboardFile = Main;
				INFOPLIST_KEY_UISupportedInterfaceOrientations_iPad = "UIInterfaceOrientationPortrait UIInterfaceOrientationPortraitUpsideDown UIInterfaceOrientationLandscapeLeft UIInterfaceOrientationLandscapeRight";
				INFOPLIST_KEY_UISupportedInterfaceOrientations_iPhone = "UIInterfaceOrientationPortrait UIInterfaceOrientationLandscapeLeft UIInterfaceOrientationLandscapeRight";
				IPHONEOS_DEPLOYMENT_TARGET = 13.0;
				LD_RUNPATH_SEARCH_PATHS = (
					"$(inherited)",
					"@executable_path/Frameworks",
				);
				MARKETING_VERSION = 1.0;
				PRODUCT_BUNDLE_IDENTIFIER = "com.papipepi.playground-charts";
				PRODUCT_NAME = "$(TARGET_NAME)";
				SWIFT_EMIT_LOC_STRINGS = YES;
				SWIFT_VERSION = 5.0;
				TARGETED_DEVICE_FAMILY = "1,2";
			};
			name = Debug;
		};
		FEE53A3F2A837356005F122D /* Release */ = {
			isa = XCBuildConfiguration;
			buildSettings = {
				ASSETCATALOG_COMPILER_APPICON_NAME = AppIcon;
				ASSETCATALOG_COMPILER_GLOBAL_ACCENT_COLOR_NAME = AccentColor;
				CODE_SIGN_STYLE = Automatic;
				CURRENT_PROJECT_VERSION = 1;
				DEVELOPMENT_TEAM = UG8FZ2U9WD;
				GENERATE_INFOPLIST_FILE = YES;
				INFOPLIST_FILE = "playground-charts/Info.plist";
				INFOPLIST_KEY_UIApplicationSupportsIndirectInputEvents = YES;
				INFOPLIST_KEY_UILaunchStoryboardName = LaunchScreen;
				INFOPLIST_KEY_UIMainStoryboardFile = Main;
				INFOPLIST_KEY_UISupportedInterfaceOrientations_iPad = "UIInterfaceOrientationPortrait UIInterfaceOrientationPortraitUpsideDown UIInterfaceOrientationLandscapeLeft UIInterfaceOrientationLandscapeRight";
				INFOPLIST_KEY_UISupportedInterfaceOrientations_iPhone = "UIInterfaceOrientationPortrait UIInterfaceOrientationLandscapeLeft UIInterfaceOrientationLandscapeRight";
				IPHONEOS_DEPLOYMENT_TARGET = 13.0;
				LD_RUNPATH_SEARCH_PATHS = (
					"$(inherited)",
					"@executable_path/Frameworks",
				);
				MARKETING_VERSION = 1.0;
				PRODUCT_BUNDLE_IDENTIFIER = "com.papipepi.playground-charts";
				PRODUCT_NAME = "$(TARGET_NAME)";
				SWIFT_EMIT_LOC_STRINGS = YES;
				SWIFT_VERSION = 5.0;
				TARGETED_DEVICE_FAMILY = "1,2";
			};
			name = Release;
		};
/* End XCBuildConfiguration section */

/* Begin XCConfigurationList section */
		FEE53A242A837355005F122D /* Build configuration list for PBXProject "playground-charts" */ = {
			isa = XCConfigurationList;
			buildConfigurations = (
				FEE53A3B2A837356005F122D /* Debug */,
				FEE53A3C2A837356005F122D /* Release */,
			);
			defaultConfigurationIsVisible = 0;
			defaultConfigurationName = Release;
		};
		FEE53A3D2A837356005F122D /* Build configuration list for PBXNativeTarget "playground-charts" */ = {
			isa = XCConfigurationList;
			buildConfigurations = (
				FEE53A3E2A837356005F122D /* Debug */,
				FEE53A3F2A837356005F122D /* Release */,
			);
			defaultConfigurationIsVisible = 0;
			defaultConfigurationName = Release;
		};
/* End XCConfigurationList section */

/* Begin XCRemoteSwiftPackageReference section */
		FEE53A402A8375B5005F122D /* XCRemoteSwiftPackageReference "Charts" */ = {
			isa = XCRemoteSwiftPackageReference;
			repositoryURL = "https://github.com/danielgindi/Charts.git";
			requirement = {
				kind = upToNextMajorVersion;
				minimumVersion = 4.1.0;
			};
		};
/* End XCRemoteSwiftPackageReference section */

/* Begin XCSwiftPackageProductDependency section */
		FEE53A412A8375B5005F122D /* Charts */ = {
			isa = XCSwiftPackageProductDependency;
			package = FEE53A402A8375B5005F122D /* XCRemoteSwiftPackageReference "Charts" */;
			productName = Charts;
		};
/* End XCSwiftPackageProductDependency section */
	};
	rootObject = FEE53A212A837355005F122D /* Project object */;
}
